{
    "name": "slides.ldonis.com",
    "requires": true,
    "lockfileVersion": 1,
    "dependencies": {
        "leslicss": {
            "version": "git+https://github.com/LesliTech/LesliCSS.git#43deddd37c5e83bb8708a1ebab67b8e42ca378ac",
            "from": "git+https://github.com/LesliTech/LesliCSS.git#master",
            "dev": true,
            "requires": {
                "normalize.css": "8.0.1"
            }
        },
        "normalize.css": {
            "version": "8.0.1",
            "resolved": "https://registry.npmjs.org/normalize.css/-/normalize.css-8.0.1.tgz",
            "integrity": "sha512-qizSNPO93t1YUuUhP22btGOo3chcvDFqFaj2TRybP0DMxkHOCTYwp3n34fel4a31ORXy4m1Xq0Gyqpb5m33qIg==",
            "dev": true
        }
    }
}
